// !$*UTF8*$!
{
	archiveVersion = 1;
	classes = {
	};
	objectVersion = 50;
	objects = {

/* Begin PBXBuildFile section */
		2A2338FB2388DB4000BE3128 /* AppDelegate.swift in Sources */ = {isa = PBXBuildFile; fileRef = 2A2338FA2388DB4000BE3128 /* AppDelegate.swift */; };
		2A2338FD2388DB4000BE3128 /* SceneDelegate.swift in Sources */ = {isa = PBXBuildFile; fileRef = 2A2338FC2388DB4000BE3128 /* SceneDelegate.swift */; };
		2A2338FF2388DB4000BE3128 /* ViewController.swift in Sources */ = {isa = PBXBuildFile; fileRef = 2A2338FE2388DB4000BE3128 /* ViewController.swift */; };
		2A2339022388DB4000BE3128 /* Main.storyboard in Resources */ = {isa = PBXBuildFile; fileRef = 2A2339002388DB4000BE3128 /* Main.storyboard */; };
		2A2339042388DB4200BE3128 /* Assets.xcassets in Resources */ = {isa = PBXBuildFile; fileRef = 2A2339032388DB4200BE3128 /* Assets.xcassets */; };
		2A2339072388DB4200BE3128 /* LaunchScreen.storyboard in Resources */ = {isa = PBXBuildFile; fileRef = 2A2339052388DB4200BE3128 /* LaunchScreen.storyboard */; };
		2AA79E6B2390B4E1004CCC55 /* QRScanViewController.swift in Sources */ = {isa = PBXBuildFile; fileRef = 2AA79E692390B4E1004CCC55 /* QRScanViewController.swift */; };
		2AA79E6C2390B4E1004CCC55 /* QRScanViewController.xib in Resources */ = {isa = PBXBuildFile; fileRef = 2AA79E6A2390B4E1004CCC55 /* QRScanViewController.xib */; };
		2AAE649A238E1B8A0051D273 /* QRCodeViewController.swift in Sources */ = {isa = PBXBuildFile; fileRef = 2AAE6499238E1B8A0051D273 /* QRCodeViewController.swift */; };
		2AB897AB238FAE8F0058137F /* HomeViewController.swift in Sources */ = {isa = PBXBuildFile; fileRef = 2AB897AA238FAE8F0058137F /* HomeViewController.swift */; };
/* End PBXBuildFile section */

/* Begin PBXFileReference section */
		2A2338F72388DB4000BE3128 /* Project.app */ = {isa = PBXFileReference; explicitFileType = wrapper.application; includeInIndex = 0; path = Project.app; sourceTree = BUILT_PRODUCTS_DIR; };
		2A2338FA2388DB4000BE3128 /* AppDelegate.swift */ = {isa = PBXFileReference; lastKnownFileType = sourcecode.swift; path = AppDelegate.swift; sourceTree = "<group>"; };
		2A2338FC2388DB4000BE3128 /* SceneDelegate.swift */ = {isa = PBXFileReference; lastKnownFileType = sourcecode.swift; path = SceneDelegate.swift; sourceTree = "<group>"; };
		2A2338FE2388DB4000BE3128 /* ViewController.swift */ = {isa = PBXFileReference; lastKnownFileType = sourcecode.swift; path = ViewController.swift; sourceTree = "<group>"; };
		2A2339012388DB4000BE3128 /* Base */ = {isa = PBXFileReference; lastKnownFileType = file.storyboard; name = Base; path = Base.lproj/Main.storyboard; sourceTree = "<group>"; };
		2A2339032388DB4200BE3128 /* Assets.xcassets */ = {isa = PBXFileReference; lastKnownFileType = folder.assetcatalog; path = Assets.xcassets; sourceTree = "<group>"; };
		2A2339062388DB4200BE3128 /* Base */ = {isa = PBXFileReference; lastKnownFileType = file.storyboard; name = Base; path = Base.lproj/LaunchScreen.storyboard; sourceTree = "<group>"; };
		2A2339082388DB4200BE3128 /* Info.plist */ = {isa = PBXFileReference; lastKnownFileType = text.plist.xml; path = Info.plist; sourceTree = "<group>"; };
		2AA79E692390B4E1004CCC55 /* QRScanViewController.swift */ = {isa = PBXFileReference; lastKnownFileType = sourcecode.swift; path = QRScanViewController.swift; sourceTree = "<group>"; };
		2AA79E6A2390B4E1004CCC55 /* QRScanViewController.xib */ = {isa = PBXFileReference; lastKnownFileType = file.xib; path = QRScanViewController.xib; sourceTree = "<group>"; };
		2AAE6499238E1B8A0051D273 /* QRCodeViewController.swift */ = {isa = PBXFileReference; lastKnownFileType = sourcecode.swift; path = QRCodeViewController.swift; sourceTree = "<group>"; };
		2AB897AA238FAE8F0058137F /* HomeViewController.swift */ = {isa = PBXFileReference; lastKnownFileType = sourcecode.swift; path = HomeViewController.swift; sourceTree = "<group>"; };
/* End PBXFileReference section */

/* Begin PBXFrameworksBuildPhase section */
		2A2338F42388DB4000BE3128 /* Frameworks */ = {
			isa = PBXFrameworksBuildPhase;
			buildActionMask = 2147483647;
			files = (
			);
			runOnlyForDeploymentPostprocessing = 0;
		};
/* End PBXFrameworksBuildPhase section */

/* Begin PBXGroup section */
		2A2338EE2388DB4000BE3128 = {
			isa = PBXGroup;
			children = (
				2A2338F92388DB4000BE3128 /* Project */,
				2A2338F82388DB4000BE3128 /* Products */,
			);
			sourceTree = "<group>";
		};
		2A2338F82388DB4000BE3128 /* Products */ = {
			isa = PBXGroup;
			children = (
				2A2338F72388DB4000BE3128 /* Project.app */,
			);
			name = Products;
			sourceTree = "<group>";
		};
		2A2338F92388DB4000BE3128 /* Project */ = {
			isa = PBXGroup;
			children = (
				2A2338FA2388DB4000BE3128 /* AppDelegate.swift */,
				2A2338FC2388DB4000BE3128 /* SceneDelegate.swift */,
				2A2338FE2388DB4000BE3128 /* ViewController.swift */,
				2AB897AA238FAE8F0058137F /* HomeViewController.swift */,
				2A2339002388DB4000BE3128 /* Main.storyboard */,
				2A2339032388DB4200BE3128 /* Assets.xcassets */,
				2A2339052388DB4200BE3128 /* LaunchScreen.storyboard */,
				2A2339082388DB4200BE3128 /* Info.plist */,
				2AAE6499238E1B8A0051D273 /* QRCodeViewController.swift */,
				2AA79E692390B4E1004CCC55 /* QRScanViewController.swift */,
				2AA79E6A2390B4E1004CCC55 /* QRScanViewController.xib */,
			);
			path = Project;
			sourceTree = "<group>";
		};
/* End PBXGroup section */

/* Begin PBXNativeTarget section */
		2A2338F62388DB4000BE3128 /* Project */ = {
			isa = PBXNativeTarget;
			buildConfigurationList = 2A23390B2388DB4200BE3128 /* Build configuration list for PBXNativeTarget "Project" */;
			buildPhases = (
				2A2338F32388DB4000BE3128 /* Sources */,
				2A2338F42388DB4000BE3128 /* Frameworks */,
				2A2338F52388DB4000BE3128 /* Resources */,
			);
			buildRules = (
			);
			dependencies = (
			);
			name = Project;
			productName = Project;
			productReference = 2A2338F72388DB4000BE3128 /* Project.app */;
			productType = "com.apple.product-type.application";
		};
/* End PBXNativeTarget section */

/* Begin PBXProject section */
		2A2338EF2388DB4000BE3128 /* Project object */ = {
			isa = PBXProject;
			attributes = {
				LastSwiftUpdateCheck = 1120;
				LastUpgradeCheck = 1120;
				ORGANIZATIONNAME = "Nguyễn Trung";
				TargetAttributes = {
					2A2338F62388DB4000BE3128 = {
						CreatedOnToolsVersion = 11.2.1;
					};
				};
			};
			buildConfigurationList = 2A2338F22388DB4000BE3128 /* Build configuration list for PBXProject "Project" */;
			compatibilityVersion = "Xcode 9.3";
			developmentRegion = en;
			hasScannedForEncodings = 0;
			knownRegions = (
				en,
				Base,
			);
			mainGroup = 2A2338EE2388DB4000BE3128;
			productRefGroup = 2A2338F82388DB4000BE3128 /* Products */;
			projectDirPath = "";
			projectRoot = "";
			targets = (
				2A2338F62388DB4000BE3128 /* Project */,
			);
		};
/* End PBXProject section */

/* Begin PBXResourcesBuildPhase section */
		2A2338F52388DB4000BE3128 /* Resources */ = {
			isa = PBXResourcesBuildPhase;
			buildActionMask = 2147483647;
			files = (
				2AA79E6C2390B4E1004CCC55 /* QRScanViewController.xib in Resources */,
				2A2339072388DB4200BE3128 /* LaunchScreen.storyboard in Resources */,
				2A2339042388DB4200BE3128 /* Assets.xcassets in Resources */,
				2A2339022388DB4000BE3128 /* Main.storyboard in Resources */,
			);
			runOnlyForDeploymentPostprocessing = 0;
		};
/* End PBXResourcesBuildPhase section */

/* Begin PBXSourcesBuildPhase section */
		2A2338F32388DB4000BE3128 /* Sources */ = {
			isa = PBXSourcesBuildPhase;
			buildActionMask = 2147483647;
			files = (
				2A2338FF2388DB4000BE3128 /* ViewController.swift in Sources */,
				2A2338FB2388DB4000BE3128 /* AppDelegate.swift in Sources */,
				2AA79E6B2390B4E1004CCC55 /* QRScanViewController.swift in Sources */,
				2AAE649A238E1B8A0051D273 /* QRCodeViewController.swift in Sources */,
				2A2338FD2388DB4000BE3128 /* SceneDelegate.swift in Sources */,
				2AB897AB238FAE8F0058137F /* HomeViewController.swift in Sources */,
			);
			runOnlyForDeploymentPostprocessing = 0;
		};
/* End PBXSourcesBuildPhase section */

/* Begin PBXVariantGroup section */
		2A2339002388DB4000BE3128 /* Main.storyboard */ = {
			isa = PBXVariantGroup;
			children = (
				2A2339012388DB4000BE3128 /* Base */,
			);
			name = Main.storyboard;
			sourceTree = "<group>";
		};
		2A2339052388DB4200BE3128 /* LaunchScreen.storyboard */ = {
			isa = PBXVariantGroup;
			children = (
				2A2339062388DB4200BE3128 /* Base */,
			);
			name = LaunchScreen.storyboard;
			sourceTree = "<group>";
		};
/* End PBXVariantGroup section */

/* Begin XCBuildConfiguration section */
		2A2339092388DB4200BE3128 /* Debug */ = {
			isa = XCBuildConfiguration;
			buildSettings = {
				ALWAYS_SEARCH_USER_PATHS = NO;
				CLANG_ANALYZER_NONNULL = YES;
				CLANG_ANALYZER_NUMBER_OBJECT_CONVERSION = YES_AGGRESSIVE;
				CLANG_CXX_LANGUAGE_STANDARD = "gnu++14";
				CLANG_CXX_LIBRARY = "libc++";
				CLANG_ENABLE_MODULES = YES;
				CLANG_ENABLE_OBJC_ARC = YES;
				CLANG_ENABLE_OBJC_WEAK = YES;
				CLANG_WARN_BLOCK_CAPTURE_AUTORELEASING = YES;
				CLANG_WARN_BOOL_CONVERSION = YES;
				CLANG_WARN_COMMA = YES;
				CLANG_WARN_CONSTANT_CONVERSION = YES;
				CLANG_WARN_DEPRECATED_OBJC_IMPLEMENTATIONS = YES;
				CLANG_WARN_DIRECT_OBJC_ISA_USAGE = YES_ERROR;
				CLANG_WARN_DOCUMENTATION_COMMENTS = YES;
				CLANG_WARN_EMPTY_BODY = YES;
				CLANG_WARN_ENUM_CONVERSION = YES;
				CLANG_WARN_INFINITE_RECURSION = YES;
				CLANG_WARN_INT_CONVERSION = YES;
				CLANG_WARN_NON_LITERAL_NULL_CONVERSION = YES;
				CLANG_WARN_OBJC_IMPLICIT_RETAIN_SELF = YES;
				CLANG_WARN_OBJC_LITERAL_CONVERSION = YES;
				CLANG_WARN_OBJC_ROOT_CLASS = YES_ERROR;
				CLANG_WARN_RANGE_LOOP_ANALYSIS = YES;
				CLANG_WARN_STRICT_PROTOTYPES = YES;
				CLANG_WARN_SUSPICIOUS_MOVE = YES;
				CLANG_WARN_UNGUARDED_AVAILABILITY = YES_AGGRESSIVE;
				CLANG_WARN_UNREACHABLE_CODE = YES;
				CLANG_WARN__DUPLICATE_METHOD_MATCH = YES;
				COPY_PHASE_STRIP = NO;
				DEBUG_INFORMATION_FORMAT = dwarf;
				ENABLE_STRICT_OBJC_MSGSEND = YES;
				ENABLE_TESTABILITY = YES;
				GCC_C_LANGUAGE_STANDARD = gnu11;
				GCC_DYNAMIC_NO_PIC = NO;
				GCC_NO_COMMON_BLOCKS = YES;
				GCC_OPTIMIZATION_LEVEL = 0;
				GCC_PREPROCESSOR_DEFINITIONS = (
					"DEBUG=1",
					"$(inherited)",
				);
				GCC_WARN_64_TO_32_BIT_CONVERSION = YES;
				GCC_WARN_ABOUT_RETURN_TYPE = YES_ERROR;
				GCC_WARN_UNDECLARED_SELECTOR = YES;
				GCC_WARN_UNINITIALIZED_AUTOS = YES_AGGRESSIVE;
				GCC_WARN_UNUSED_FUNCTION = YES;
				GCC_WARN_UNUSED_VARIABLE = YES;
				IPHONEOS_DEPLOYMENT_TARGET = 13.2;
				MTL_ENABLE_DEBUG_INFO = INCLUDE_SOURCE;
				MTL_FAST_MATH = YES;
				ONLY_ACTIVE_ARCH = YES;
				SDKROOT = iphoneos;
				SWIFT_ACTIVE_COMPILATION_CONDITIONS = DEBUG;
				SWIFT_OPTIMIZATION_LEVEL = "-Onone";
			};
			name = Debug;
		};
		2A23390A2388DB4200BE3128 /* Release */ = {
			isa = XCBuildConfiguration;
			buildSettings = {
				ALWAYS_SEARCH_USER_PATHS = NO;
				CLANG_ANALYZER_NONNULL = YES;
				CLANG_ANALYZER_NUMBER_OBJECT_CONVERSION = YES_AGGRESSIVE;
				CLANG_CXX_LANGUAGE_STANDARD = "gnu++14";
				CLANG_CXX_LIBRARY = "libc++";
				CLANG_ENABLE_MODULES = YES;
				CLANG_ENABLE_OBJC_ARC = YES;
				CLANG_ENABLE_OBJC_WEAK = YES;
				CLANG_WARN_BLOCK_CAPTURE_AUTORELEASING = YES;
				CLANG_WARN_BOOL_CONVERSION = YES;
				CLANG_WARN_COMMA = YES;
				CLANG_WARN_CONSTANT_CONVERSION = YES;
				CLANG_WARN_DEPRECATED_OBJC_IMPLEMENTATIONS = YES;
				CLANG_WARN_DIRECT_OBJC_ISA_USAGE = YES_ERROR;
				CLANG_WARN_DOCUMENTATION_COMMENTS = YES;
				CLANG_WARN_EMPTY_BODY = YES;
				CLANG_WARN_ENUM_CONVERSION = YES;
				CLANG_WARN_INFINITE_RECURSION = YES;
				CLANG_WARN_INT_CONVERSION = YES;
				CLANG_WARN_NON_LITERAL_NULL_CONVERSION = YES;
				CLANG_WARN_OBJC_IMPLICIT_RETAIN_SELF = YES;
				CLANG_WARN_OBJC_LITERAL_CONVERSION = YES;
				CLANG_WARN_OBJC_ROOT_CLASS = YES_ERROR;
				CLANG_WARN_RANGE_LOOP_ANALYSIS = YES;
				CLANG_WARN_STRICT_PROTOTYPES = YES;
				CLANG_WARN_SUSPICIOUS_MOVE = YES;
				CLANG_WARN_UNGUARDED_AVAILABILITY = YES_AGGRESSIVE;
				CLANG_WARN_UNREACHABLE_CODE = YES;
				CLANG_WARN__DUPLICATE_METHOD_MATCH = YES;
				COPY_PHASE_STRIP = NO;
				DEBUG_INFORMATION_FORMAT = "dwarf-with-dsym";
				ENABLE_NS_ASSERTIONS = NO;
				ENABLE_STRICT_OBJC_MSGSEND = YES;
				GCC_C_LANGUAGE_STANDARD = gnu11;
				GCC_NO_COMMON_BLOCKS = YES;
				GCC_WARN_64_TO_32_BIT_CONVERSION = YES;
				GCC_WARN_ABOUT_RETURN_TYPE = YES_ERROR;
				GCC_WARN_UNDECLARED_SELECTOR = YES;
				GCC_WARN_UNINITIALIZED_AUTOS = YES_AGGRESSIVE;
				GCC_WARN_UNUSED_FUNCTION = YES;
				GCC_WARN_UNUSED_VARIABLE = YES;
				IPHONEOS_DEPLOYMENT_TARGET = 13.2;
				MTL_ENABLE_DEBUG_INFO = NO;
				MTL_FAST_MATH = YES;
				SDKROOT = iphoneos;
				SWIFT_COMPILATION_MODE = wholemodule;
				SWIFT_OPTIMIZATION_LEVEL = "-O";
				VALIDATE_PRODUCT = YES;
			};
			name = Release;
		};
		2A23390C2388DB4200BE3128 /* Debug */ = {
			isa = XCBuildConfiguration;
			buildSettings = {
				ASSETCATALOG_COMPILER_APPICON_NAME = AppIcon;
				CODE_SIGN_STYLE = Automatic;
				DEVELOPMENT_TEAM = VRMKK2QA6B;
				INFOPLIST_FILE = Project/Info.plist;
				IPHONEOS_DEPLOYMENT_TARGET = 13.1;
				LD_RUNPATH_SEARCH_PATHS = (
					"$(inherited)",
					"@executable_path/Frameworks",
				);
				PRODUCT_BUNDLE_IDENTIFIER = com.vinid.Project;
				PRODUCT_NAME = "$(TARGET_NAME)";
				SWIFT_VERSION = 5.0;
				TARGETED_DEVICE_FAMILY = "1,2";
			};
			name = Debug;
		};
		2A23390D2388DB4200BE3128 /* Release */ = {
			isa = XCBuildConfiguration;
			buildSettings = {
				ASSETCATALOG_COMPILER_APPICON_NAME = AppIcon;
				CODE_SIGN_STYLE = Automatic;
				DEVELOPMENT_TEAM = VRMKK2QA6B;
				INFOPLIST_FILE = Project/Info.plist;
				IPHONEOS_DEPLOYMENT_TARGET = 13.1;
				LD_RUNPATH_SEARCH_PATHS = (
					"$(inherited)",
					"@executable_path/Frameworks",
				);
				PRODUCT_BUNDLE_IDENTIFIER = com.vinid.Project;
				PRODUCT_NAME = "$(TARGET_NAME)";
				SWIFT_VERSION = 5.0;
				TARGETED_DEVICE_FAMILY = "1,2";
			};
			name = Release;
		};
/* End XCBuildConfiguration section */

/* Begin XCConfigurationList section */
		2A2338F22388DB4000BE3128 /* Build configuration list for PBXProject "Project" */ = {
			isa = XCConfigurationList;
			buildConfigurations = (
				2A2339092388DB4200BE3128 /* Debug */,
				2A23390A2388DB4200BE3128 /* Release */,
			);
			defaultConfigurationIsVisible = 0;
			defaultConfigurationName = Release;
		};
		2A23390B2388DB4200BE3128 /* Build configuration list for PBXNativeTarget "Project" */ = {
			isa = XCConfigurationList;
			buildConfigurations = (
				2A23390C2388DB4200BE3128 /* Debug */,
				2A23390D2388DB4200BE3128 /* Release */,
			);
			defaultConfigurationIsVisible = 0;
			defaultConfigurationName = Release;
		};
/* End XCConfigurationList section */
	};
	rootObject = 2A2338EF2388DB4000BE3128 /* Project object */;
}
